
Microsoft Visual Studio Solution File, Format Version 12.00
# Visual Studio Version 17
VisualStudioVersion = 17.0.32014.148
MinimumVisualStudioVersion = 10.0.40219.1
Project("{9A19103F-16F7-4668-BE54-9A1E7A4F7556}") = "TMS.API", "TMS.API\TMS.API.csproj", "{D8B293C1-074A-41F8-89D4-DAF315AB7AF6}"
EndProject
Project("{FAE04EC0-301F-11D3-BF4B-00C04F79EFBC}") = "TMS.UI", "TMS.UI\TMS.UI.csproj", "{A00CE4F4-FF45-4128-9A20-147A62E0AAB0}"
EndProject
Project("{2150E333-8FDC-42A3-9474-1A3956D46DE8}") = "DB", "DB", "{9DDDDA8E-C576-4F77-B901-942FFEA59F57}"
EndProject
Project("{2150E333-8FDC-42A3-9474-1A3956D46DE8}") = "TMS", "TMS", "{ED11378D-9D00-4E63-BB3A-9D75BE11384E}"
EndProject
Project("{2150E333-8FDC-42A3-9474-1A3956D46DE8}") = "Migrations", "Migrations", "{A21D091D-C4D0-4A24-BD6C-7A0EF386D7CD}"
	ProjectSection(SolutionItems) = preProject
		..\..\Documents\TMS_BLANK.sql = ..\..\Documents\TMS_BLANK.sql
		trigger_transportation.sql = trigger_transportation.sql
	EndProjectSection
EndProject
Project("{2150E333-8FDC-42A3-9474-1A3956D46DE8}") = "EditorConfig", "EditorConfig", "{7669D839-B308-4159-A728-10FFF621FEAD}"
	ProjectSection(SolutionItems) = preProject
		.editorconfig = .editorconfig
	EndProjectSection
EndProject
Project("{2150E333-8FDC-42A3-9474-1A3956D46DE8}") = "CoreFW", "CoreFW", "{94609FDF-67D2-4EA1-A066-AF0A01064DBD}"
EndProject
Project("{FAE04EC0-301F-11D3-BF4B-00C04F79EFBC}") = "Core", "Core\Core.csproj", "{A1E39D33-D84C-4595-B7AC-6EF005935B80}"
EndProject
Project("{9A19103F-16F7-4668-BE54-9A1E7A4F7556}") = "Core.API", "Core.API\Core.API.csproj", "{20DCC7AA-DA8B-4687-A844-AADA79591C37}"
EndProject
Global
	GlobalSection(SolutionConfigurationPlatforms) = preSolution
		Debug|Any CPU = Debug|Any CPU
		DebugSQL|Any CPU = DebugSQL|Any CPU
		Linux|Any CPU = Linux|Any CPU
		Release|Any CPU = Release|Any CPU
	EndGlobalSection
	GlobalSection(ProjectConfigurationPlatforms) = postSolution
		{D8B293C1-074A-41F8-89D4-DAF315AB7AF6}.Debug|Any CPU.ActiveCfg = Debug|Any CPU
		{D8B293C1-074A-41F8-89D4-DAF315AB7AF6}.Debug|Any CPU.Build.0 = Debug|Any CPU
		{D8B293C1-074A-41F8-89D4-DAF315AB7AF6}.DebugSQL|Any CPU.ActiveCfg = Debug|Any CPU
		{D8B293C1-074A-41F8-89D4-DAF315AB7AF6}.DebugSQL|Any CPU.Build.0 = Debug|Any CPU
		{D8B293C1-074A-41F8-89D4-DAF315AB7AF6}.Linux|Any CPU.ActiveCfg = Release|Any CPU
		{D8B293C1-074A-41F8-89D4-DAF315AB7AF6}.Linux|Any CPU.Build.0 = Release|Any CPU
		{D8B293C1-074A-41F8-89D4-DAF315AB7AF6}.Release|Any CPU.ActiveCfg = Release|Any CPU
		{D8B293C1-074A-41F8-89D4-DAF315AB7AF6}.Release|Any CPU.Build.0 = Release|Any CPU
		{A00CE4F4-FF45-4128-9A20-147A62E0AAB0}.Debug|Any CPU.ActiveCfg = Debug|Any CPU
		{A00CE4F4-FF45-4128-9A20-147A62E0AAB0}.Debug|Any CPU.Build.0 = Debug|Any CPU
		{A00CE4F4-FF45-4128-9A20-147A62E0AAB0}.DebugSQL|Any CPU.ActiveCfg = DebugSQL|Any CPU
		{A00CE4F4-FF45-4128-9A20-147A62E0AAB0}.DebugSQL|Any CPU.Build.0 = DebugSQL|Any CPU
		{A00CE4F4-FF45-4128-9A20-147A62E0AAB0}.Linux|Any CPU.ActiveCfg = Linux|Any CPU
		{A00CE4F4-FF45-4128-9A20-147A62E0AAB0}.Linux|Any CPU.Build.0 = Linux|Any CPU
		{A00CE4F4-FF45-4128-9A20-147A62E0AAB0}.Release|Any CPU.ActiveCfg = Release|Any CPU
		{A00CE4F4-FF45-4128-9A20-147A62E0AAB0}.Release|Any CPU.Build.0 = Release|Any CPU
		{A1E39D33-D84C-4595-B7AC-6EF005935B80}.Debug|Any CPU.ActiveCfg = Debug|Any CPU
		{A1E39D33-D84C-4595-B7AC-6EF005935B80}.Debug|Any CPU.Build.0 = Debug|Any CPU
		{A1E39D33-D84C-4595-B7AC-6EF005935B80}.DebugSQL|Any CPU.ActiveCfg = Debug|Any CPU
		{A1E39D33-D84C-4595-B7AC-6EF005935B80}.DebugSQL|Any CPU.Build.0 = Debug|Any CPU
		{A1E39D33-D84C-4595-B7AC-6EF005935B80}.Linux|Any CPU.ActiveCfg = Debug|Any CPU
		{A1E39D33-D84C-4595-B7AC-6EF005935B80}.Linux|Any CPU.Build.0 = Debug|Any CPU
		{A1E39D33-D84C-4595-B7AC-6EF005935B80}.Release|Any CPU.ActiveCfg = Release|Any CPU
		{A1E39D33-D84C-4595-B7AC-6EF005935B80}.Release|Any CPU.Build.0 = Release|Any CPU
		{20DCC7AA-DA8B-4687-A844-AADA79591C37}.Debug|Any CPU.ActiveCfg = Debug|Any CPU
		{20DCC7AA-DA8B-4687-A844-AADA79591C37}.Debug|Any CPU.Build.0 = Debug|Any CPU
		{20DCC7AA-DA8B-4687-A844-AADA79591C37}.DebugSQL|Any CPU.ActiveCfg = DebugSQL|Any CPU
		{20DCC7AA-DA8B-4687-A844-AADA79591C37}.DebugSQL|Any CPU.Build.0 = DebugSQL|Any CPU
		{20DCC7AA-DA8B-4687-A844-AADA79591C37}.Linux|Any CPU.ActiveCfg = Linux|Any CPU
		{20DCC7AA-DA8B-4687-A844-AADA79591C37}.Linux|Any CPU.Build.0 = Linux|Any CPU
		{20DCC7AA-DA8B-4687-A844-AADA79591C37}.Release|Any CPU.ActiveCfg = Release|Any CPU
		{20DCC7AA-DA8B-4687-A844-AADA79591C37}.Release|Any CPU.Build.0 = Release|Any CPU
	EndGlobalSection
	GlobalSection(SolutionProperties) = preSolution
		HideSolutionNode = FALSE
	EndGlobalSection
	GlobalSection(NestedProjects) = preSolution
		{D8B293C1-074A-41F8-89D4-DAF315AB7AF6} = {ED11378D-9D00-4E63-BB3A-9D75BE11384E}
		{A00CE4F4-FF45-4128-9A20-147A62E0AAB0} = {ED11378D-9D00-4E63-BB3A-9D75BE11384E}
		{A21D091D-C4D0-4A24-BD6C-7A0EF386D7CD} = {9DDDDA8E-C576-4F77-B901-942FFEA59F57}
		{A1E39D33-D84C-4595-B7AC-6EF005935B80} = {94609FDF-67D2-4EA1-A066-AF0A01064DBD}
		{20DCC7AA-DA8B-4687-A844-AADA79591C37} = {94609FDF-67D2-4EA1-A066-AF0A01064DBD}
	EndGlobalSection
	GlobalSection(ExtensibilityGlobals) = postSolution
		SolutionGuid = {3023F1EB-9B63-4551-ACA7-BA95D09C0C6A}
	EndGlobalSection
EndGlobal
